PODS:
  - CocoaAsyncSocket (7.6.1)
  - NSData+FastHex (1.0.1)
  - ObjectMapper (3.0.0)
  - XMRMiner (0.1.0):
    - CocoaAsyncSocket (~> 7.6)
    - NSData+FastHex
    - ObjectMapper (~> 3.0)

DEPENDENCIES:
  - XMRMiner (from `../`)

EXTERNAL SOURCES:
  XMRMiner:
    :path: "../"

SPEC CHECKSUMS:
  CocoaAsyncSocket: 7eadd3f59e1a6c84e2aefc93e9ff7b55156fe174
  NSData+FastHex: a22ad031ee10a4297d0bf4d20cf03406a4476169
  ObjectMapper: 92230db59bf8f341a5c3a3cf0b9fbdde3cf0d87f
  XMRMiner: c52b4ef61e6da7b5da8269a7bacc8e6ec4bf95ba

PODFILE CHECKSUM: 9096331289c06b7295e67740e9c2851843bc16b2

COCOAPODS: 1.2.1
